
Microsoft Visual Studio Solution File, Format Version 12.00
# Visual Studio Version 17
VisualStudioVersion = 17.6.33815.320
MinimumVisualStudioVersion = 10.0.40219.1
Project("{9A19103F-16F7-4668-BE54-9A1E7A4F7556}") = "EzTool.Workbench.Plugins.ReportEditor.NET6", "EzTool.Workbench.Plugins.ReportEditor.NET6\EzTool.Workbench.Plugins.ReportEditor.NET6.csproj", "{C95400AD-2D54-4639-8BA5-74173EAC1D3D}"
EndProject
Project("{2150E333-8FDC-42A3-9474-1A3956D46DE8}") = "Solution Items", "Solution Items", "{9E044E0C-CAFE-4AFD-94EE-A86D96108BBC}"
	ProjectSection(SolutionItems) = preProject
		.gitignore = .gitignore
		LICENSE = LICENSE
		README.md = README.md
		ReportEdtor.nuspec = ReportEdtor.nuspec
	EndProjectSection
EndProject
Project("{2150E333-8FDC-42A3-9474-1A3956D46DE8}") = "_TESTs", "_TESTs", "{E07B804F-9B84-4D51-ACC8-8700BCB0FF65}"
EndProject
Project("{9A19103F-16F7-4668-BE54-9A1E7A4F7556}") = "UT.EzTool.Workbench.Plugins.ReportEditor.NET6", "_TESTs\UT.EzTool.Workbench.Plugins.ReportEditor.NET6\UT.EzTool.Workbench.Plugins.ReportEditor.NET6.csproj", "{9FAF7C58-82B1-42E6-A009-C074467718DE}"
EndProject
Global
	GlobalSection(SolutionConfigurationPlatforms) = preSolution
		Debug|Any CPU = Debug|Any CPU
		Release|Any CPU = Release|Any CPU
	EndGlobalSection
	GlobalSection(ProjectConfigurationPlatforms) = postSolution
		{C95400AD-2D54-4639-8BA5-74173EAC1D3D}.Debug|Any CPU.ActiveCfg = Debug|Any CPU
		{C95400AD-2D54-4639-8BA5-74173EAC1D3D}.Debug|Any CPU.Build.0 = Debug|Any CPU
		{C95400AD-2D54-4639-8BA5-74173EAC1D3D}.Release|Any CPU.ActiveCfg = Release|Any CPU
		{C95400AD-2D54-4639-8BA5-74173EAC1D3D}.Release|Any CPU.Build.0 = Release|Any CPU
		{9FAF7C58-82B1-42E6-A009-C074467718DE}.Debug|Any CPU.ActiveCfg = Debug|Any CPU
		{9FAF7C58-82B1-42E6-A009-C074467718DE}.Debug|Any CPU.Build.0 = Debug|Any CPU
		{9FAF7C58-82B1-42E6-A009-C074467718DE}.Release|Any CPU.ActiveCfg = Release|Any CPU
		{9FAF7C58-82B1-42E6-A009-C074467718DE}.Release|Any CPU.Build.0 = Release|Any CPU
	EndGlobalSection
	GlobalSection(SolutionProperties) = preSolution
		HideSolutionNode = FALSE
	EndGlobalSection
	GlobalSection(NestedProjects) = preSolution
		{9FAF7C58-82B1-42E6-A009-C074467718DE} = {E07B804F-9B84-4D51-ACC8-8700BCB0FF65}
	EndGlobalSection
	GlobalSection(ExtensibilityGlobals) = postSolution
		SolutionGuid = {14693EB5-A919-433E-80C5-4D5AEBA421D0}
	EndGlobalSection
EndGlobal
